
Microsoft Visual Studio Solution File, Format Version 12.00
Project("{FAE04EC0-301F-11D3-BF4B-00C04F79EFBC}") = "AuthorizationServer", "AuthorizationServer\AuthorizationServer.csproj", "{05F72319-A055-4B21-82AD-3C43EA3B04F8}"
EndProject
Global
	GlobalSection(SolutionConfigurationPlatforms) = preSolution
		Debug|Any CPU = Debug|Any CPU
		Release|Any CPU = Release|Any CPU
	EndGlobalSection
	GlobalSection(ProjectConfigurationPlatforms) = postSolution
		{05F72319-A055-4B21-82AD-3C43EA3B04F8}.Debug|Any CPU.ActiveCfg = Debug|Any CPU
		{05F72319-A055-4B21-82AD-3C43EA3B04F8}.Debug|Any CPU.Build.0 = Debug|Any CPU
		{05F72319-A055-4B21-82AD-3C43EA3B04F8}.Release|Any CPU.ActiveCfg = Release|Any CPU
		{05F72319-A055-4B21-82AD-3C43EA3B04F8}.Release|Any CPU.Build.0 = Release|Any CPU
	EndGlobalSection
EndGlobal
